
Microsoft Visual Studio Solution File, Format Version 12.00
# Visual Studio Version 17
VisualStudioVersion = 17.13.35806.99 d17.13
MinimumVisualStudioVersion = 10.0.40219.1
Project("{FAE04EC0-301F-11D3-BF4B-00C04F79EFBC}") = "tpmodul6_103022330067", "tpmodul6_103022330067.csproj", "{F94F8881-CD63-4BC7-BAF3-A109CEC67DE3}"
EndProject
Global
	GlobalSection(SolutionConfigurationPlatforms) = preSolution
		Debug|Any CPU = Debug|Any CPU
		Release|Any CPU = Release|Any CPU
	EndGlobalSection
	GlobalSection(ProjectConfigurationPlatforms) = postSolution
		{F94F8881-CD63-4BC7-BAF3-A109CEC67DE3}.Debug|Any CPU.ActiveCfg = Debug|Any CPU
		{F94F8881-CD63-4BC7-BAF3-A109CEC67DE3}.Debug|Any CPU.Build.0 = Debug|Any CPU
		{F94F8881-CD63-4BC7-BAF3-A109CEC67DE3}.Release|Any CPU.ActiveCfg = Release|Any CPU
		{F94F8881-CD63-4BC7-BAF3-A109CEC67DE3}.Release|Any CPU.Build.0 = Release|Any CPU
	EndGlobalSection
	GlobalSection(SolutionProperties) = preSolution
		HideSolutionNode = FALSE
	EndGlobalSection
	GlobalSection(ExtensibilityGlobals) = postSolution
		SolutionGuid = {0BF20FA7-8CF2-45A1-AE41-D73752C42758}
	EndGlobalSection
EndGlobal
